PODS:
  - boost-for-react-native (1.63.0)
  - BVLinearGradient (2.5.6):
    - React-Core
  - CocoaAsyncSocket (7.6.5)
  - DoubleConversion (1.1.6)
  - FBLazyVector (0.65.3)
  - FBReactNativeSpec (0.65.3):
    - RCT-Folly (= 2021.04.26.00)
    - RCTRequired (= 0.65.3)
    - RCTTypeSafety (= 0.65.3)
    - React-Core (= 0.65.3)
    - React-jsi (= 0.65.3)
    - ReactCommon/turbomodule/core (= 0.65.3)
  - Firebase/AnalyticsWithoutAdIdSupport (8.8.0):
    - Firebase/CoreOnly
    - FirebaseAnalytics/WithoutAdIdSupport (~> 8.8.0)
  - Firebase/Auth (8.8.0):
    - Firebase/CoreOnly
    - FirebaseAuth (~> 8.8.0)
  - Firebase/CoreOnly (8.8.0):
    - FirebaseCore (= 8.8.0)
  - Firebase/Database (8.8.0):
    - Firebase/CoreOnly
    - FirebaseDatabase (~> 8.8.0)
  - Firebase/Storage (8.8.0):
    - Firebase/CoreOnly
    - FirebaseStorage (~> 8.8.0)
  - FirebaseAnalytics/WithoutAdIdSupport (8.8.0):
    - FirebaseCore (~> 8.0)
    - FirebaseInstallations (~> 8.0)
    - GoogleAppMeasurement/WithoutAdIdSupport (= 8.8.0)
    - GoogleUtilities/AppDelegateSwizzler (~> 7.4)
    - GoogleUtilities/MethodSwizzler (~> 7.4)
    - GoogleUtilities/Network (~> 7.4)
    - "GoogleUtilities/NSData+zlib (~> 7.4)"
    - nanopb (~> 2.30908.0)
  - FirebaseAuth (8.8.0):
    - FirebaseCore (~> 8.0)
    - GoogleUtilities/AppDelegateSwizzler (~> 7.4)
    - GoogleUtilities/Environment (~> 7.4)
    - GTMSessionFetcher/Core (~> 1.5)
  - FirebaseCore (8.8.0):
    - FirebaseCoreDiagnostics (~> 8.0)
    - GoogleUtilities/Environment (~> 7.4)
    - GoogleUtilities/Logger (~> 7.4)
  - FirebaseCoreDiagnostics (8.15.0):
    - GoogleDataTransport (~> 9.1)
    - GoogleUtilities/Environment (~> 7.7)
    - GoogleUtilities/Logger (~> 7.7)
    - nanopb (~> 2.30908.0)
  - FirebaseDatabase (8.8.0):
    - FirebaseCore (~> 8.0)
    - leveldb-library (~> 1.22)
  - FirebaseInstallations (8.15.0):
    - FirebaseCore (~> 8.0)
    - GoogleUtilities/Environment (~> 7.7)
    - GoogleUtilities/UserDefaults (~> 7.7)
    - PromisesObjC (< 3.0, >= 1.2)
  - FirebaseStorage (8.8.0):
    - FirebaseCore (~> 8.0)
    - GTMSessionFetcher/Core (~> 1.5)
  - Flipper (0.93.0):
    - Flipper-Folly (~> 2.6)
    - Flipper-RSocket (~> 1.4)
  - Flipper-Boost-iOSX (1.76.0.1.11)
  - Flipper-DoubleConversion (3.1.7)
  - Flipper-Fmt (7.1.7)
  - Flipper-Folly (2.6.7):
    - Flipper-Boost-iOSX
    - Flipper-DoubleConversion
    - Flipper-Fmt (= 7.1.7)
    - Flipper-Glog
    - libevent (~> 2.1.12)
    - OpenSSL-Universal (= 1.1.180)
  - Flipper-Glog (0.3.6)
  - Flipper-PeerTalk (0.0.4)
  - Flipper-RSocket (1.4.3):
    - Flipper-Folly (~> 2.6)
  - FlipperKit (0.93.0):
    - FlipperKit/Core (= 0.93.0)
  - FlipperKit/Core (0.93.0):
    - Flipper (~> 0.93.0)
    - FlipperKit/CppBridge
    - FlipperKit/FBCxxFollyDynamicConvert
    - FlipperKit/FBDefines
    - FlipperKit/FKPortForwarding
  - FlipperKit/CppBridge (0.93.0):
    - Flipper (~> 0.93.0)
  - FlipperKit/FBCxxFollyDynamicConvert (0.93.0):
    - Flipper-Folly (~> 2.6)
  - FlipperKit/FBDefines (0.93.0)
  - FlipperKit/FKPortForwarding (0.93.0):
    - CocoaAsyncSocket (~> 7.6)
    - Flipper-PeerTalk (~> 0.0.4)
  - FlipperKit/FlipperKitHighlightOverlay (0.93.0)
  - FlipperKit/FlipperKitLayoutHelpers (0.93.0):
    - FlipperKit/Core
    - FlipperKit/FlipperKitHighlightOverlay
    - FlipperKit/FlipperKitLayoutTextSearchable
  - FlipperKit/FlipperKitLayoutIOSDescriptors (0.93.0):
    - FlipperKit/Core
    - FlipperKit/FlipperKitHighlightOverlay
    - FlipperKit/FlipperKitLayoutHelpers
    - YogaKit (~> 1.18)
  - FlipperKit/FlipperKitLayoutPlugin (0.93.0):
    - FlipperKit/Core
    - FlipperKit/FlipperKitHighlightOverlay
    - FlipperKit/FlipperKitLayoutHelpers
    - FlipperKit/FlipperKitLayoutIOSDescriptors
    - FlipperKit/FlipperKitLayoutTextSearchable
    - YogaKit (~> 1.18)
  - FlipperKit/FlipperKitLayoutTextSearchable (0.93.0)
  - FlipperKit/FlipperKitNetworkPlugin (0.93.0):
    - FlipperKit/Core
  - FlipperKit/FlipperKitReactPlugin (0.93.0):
    - FlipperKit/Core
  - FlipperKit/FlipperKitUserDefaultsPlugin (0.93.0):
    - FlipperKit/Core
  - FlipperKit/SKIOSNetworkPlugin (0.93.0):
    - FlipperKit/Core
    - FlipperKit/FlipperKitNetworkPlugin
  - fmt (6.2.1)
  - glog (0.3.5)
  - GoogleAppMeasurement/WithoutAdIdSupport (8.8.0):
    - GoogleUtilities/AppDelegateSwizzler (~> 7.4)
    - GoogleUtilities/MethodSwizzler (~> 7.4)
    - GoogleUtilities/Network (~> 7.4)
    - "GoogleUtilities/NSData+zlib (~> 7.4)"
    - nanopb (~> 2.30908.0)
  - GoogleDataTransport (9.1.4):
    - GoogleUtilities/Environment (~> 7.7)
    - nanopb (< 2.30910.0, >= 2.30908.0)
    - PromisesObjC (< 3.0, >= 1.2)
  - GoogleUtilities/AppDelegateSwizzler (7.7.0):
    - GoogleUtilities/Environment
    - GoogleUtilities/Logger
    - GoogleUtilities/Network
  - GoogleUtilities/Environment (7.7.0):
    - PromisesObjC (< 3.0, >= 1.2)
  - GoogleUtilities/Logger (7.7.0):
    - GoogleUtilities/Environment
  - GoogleUtilities/MethodSwizzler (7.7.0):
    - GoogleUtilities/Logger
  - GoogleUtilities/Network (7.7.0):
    - GoogleUtilities/Logger
    - "GoogleUtilities/NSData+zlib"
    - GoogleUtilities/Reachability
  - "GoogleUtilities/NSData+zlib (7.7.0)"
  - GoogleUtilities/Reachability (7.7.0):
    - GoogleUtilities/Logger
  - GoogleUtilities/UserDefaults (7.7.0):
    - GoogleUtilities/Logger
  - GTMSessionFetcher/Core (1.7.2)
  - leveldb-library (1.22.1)
  - libevent (2.1.12)
  - nanopb (2.30908.0):
    - nanopb/decode (= 2.30908.0)
    - nanopb/encode (= 2.30908.0)
  - nanopb/decode (2.30908.0)
  - nanopb/encode (2.30908.0)
  - OpenSSL-Universal (1.1.180)
  - PromisesObjC (2.1.0)
  - RCT-Folly (2021.04.26.00):
    - boost-for-react-native
    - DoubleConversion
    - fmt (~> 6.2.1)
    - glog
    - RCT-Folly/Default (= 2021.04.26.00)
  - RCT-Folly/Default (2021.04.26.00):
    - boost-for-react-native
    - DoubleConversion
    - fmt (~> 6.2.1)
    - glog
  - RCTRequired (0.65.3)
  - RCTTypeSafety (0.65.3):
    - FBLazyVector (= 0.65.3)
    - RCT-Folly (= 2021.04.26.00)
    - RCTRequired (= 0.65.3)
    - React-Core (= 0.65.3)
  - React (0.65.3):
    - React-Core (= 0.65.3)
    - React-Core/DevSupport (= 0.65.3)
    - React-Core/RCTWebSocket (= 0.65.3)
    - React-RCTActionSheet (= 0.65.3)
    - React-RCTAnimation (= 0.65.3)
    - React-RCTBlob (= 0.65.3)
    - React-RCTImage (= 0.65.3)
    - React-RCTLinking (= 0.65.3)
    - React-RCTNetwork (= 0.65.3)
    - React-RCTSettings (= 0.65.3)
    - React-RCTText (= 0.65.3)
    - React-RCTVibration (= 0.65.3)
  - React-callinvoker (0.65.3)
  - React-Core (0.65.3):
    - glog
    - RCT-Folly (= 2021.04.26.00)
    - React-Core/Default (= 0.65.3)
    - React-cxxreact (= 0.65.3)
    - React-jsi (= 0.65.3)
    - React-jsiexecutor (= 0.65.3)
    - React-perflogger (= 0.65.3)
    - Yoga
  - React-Core/CoreModulesHeaders (0.65.3):
    - glog
    - RCT-Folly (= 2021.04.26.00)
    - React-Core/Default
    - React-cxxreact (= 0.65.3)
    - React-jsi (= 0.65.3)
    - React-jsiexecutor (= 0.65.3)
    - React-perflogger (= 0.65.3)
    - Yoga
  - React-Core/Default (0.65.3):
    - glog
    - RCT-Folly (= 2021.04.26.00)
    - React-cxxreact (= 0.65.3)
    - React-jsi (= 0.65.3)
    - React-jsiexecutor (= 0.65.3)
    - React-perflogger (= 0.65.3)
    - Yoga
  - React-Core/DevSupport (0.65.3):
    - glog
    - RCT-Folly (= 2021.04.26.00)
    - React-Core/Default (= 0.65.3)
    - React-Core/RCTWebSocket (= 0.65.3)
    - React-cxxreact (= 0.65.3)
    - React-jsi (= 0.65.3)
    - React-jsiexecutor (= 0.65.3)
    - React-jsinspector (= 0.65.3)
    - React-perflogger (= 0.65.3)
    - Yoga
  - React-Core/RCTActionSheetHeaders (0.65.3):
    - glog
    - RCT-Folly (= 2021.04.26.00)
    - React-Core/Default
    - React-cxxreact (= 0.65.3)
    - React-jsi (= 0.65.3)
    - React-jsiexecutor (= 0.65.3)
    - React-perflogger (= 0.65.3)
    - Yoga
  - React-Core/RCTAnimationHeaders (0.65.3):
    - glog
    - RCT-Folly (= 2021.04.26.00)
    - React-Core/Default
    - React-cxxreact (= 0.65.3)
    - React-jsi (= 0.65.3)
    - React-jsiexecutor (= 0.65.3)
    - React-perflogger (= 0.65.3)
    - Yoga
  - React-Core/RCTBlobHeaders (0.65.3):
    - glog
    - RCT-Folly (= 2021.04.26.00)
    - React-Core/Default
    - React-cxxreact (= 0.65.3)
    - React-jsi (= 0.65.3)
    - React-jsiexecutor (= 0.65.3)
    - React-perflogger (= 0.65.3)
    - Yoga
  - React-Core/RCTImageHeaders (0.65.3):
    - glog
    - RCT-Folly (= 2021.04.26.00)
    - React-Core/Default
    - React-cxxreact (= 0.65.3)
    - React-jsi (= 0.65.3)
    - React-jsiexecutor (= 0.65.3)
    - React-perflogger (= 0.65.3)
    - Yoga
  - React-Core/RCTLinkingHeaders (0.65.3):
    - glog
    - RCT-Folly (= 2021.04.26.00)
    - React-Core/Default
    - React-cxxreact (= 0.65.3)
    - React-jsi (= 0.65.3)
    - React-jsiexecutor (= 0.65.3)
    - React-perflogger (= 0.65.3)
    - Yoga
  - React-Core/RCTNetworkHeaders (0.65.3):
    - glog
    - RCT-Folly (= 2021.04.26.00)
    - React-Core/Default
    - React-cxxreact (= 0.65.3)
    - React-jsi (= 0.65.3)
    - React-jsiexecutor (= 0.65.3)
    - React-perflogger (= 0.65.3)
    - Yoga
  - React-Core/RCTSettingsHeaders (0.65.3):
    - glog
    - RCT-Folly (= 2021.04.26.00)
    - React-Core/Default
    - React-cxxreact (= 0.65.3)
    - React-jsi (= 0.65.3)
    - React-jsiexecutor (= 0.65.3)
    - React-perflogger (= 0.65.3)
    - Yoga
  - React-Core/RCTTextHeaders (0.65.3):
    - glog
    - RCT-Folly (= 2021.04.26.00)
    - React-Core/Default
    - React-cxxreact (= 0.65.3)
    - React-jsi (= 0.65.3)
    - React-jsiexecutor (= 0.65.3)
    - React-perflogger (= 0.65.3)
    - Yoga
  - React-Core/RCTVibrationHeaders (0.65.3):
    - glog
    - RCT-Folly (= 2021.04.26.00)
    - React-Core/Default
    - React-cxxreact (= 0.65.3)
    - React-jsi (= 0.65.3)
    - React-jsiexecutor (= 0.65.3)
    - React-perflogger (= 0.65.3)
    - Yoga
  - React-Core/RCTWebSocket (0.65.3):
    - glog
    - RCT-Folly (= 2021.04.26.00)
    - React-Core/Default (= 0.65.3)
    - React-cxxreact (= 0.65.3)
    - React-jsi (= 0.65.3)
    - React-jsiexecutor (= 0.65.3)
    - React-perflogger (= 0.65.3)
    - Yoga
  - React-CoreModules (0.65.3):
    - FBReactNativeSpec (= 0.65.3)
    - RCT-Folly (= 2021.04.26.00)
    - RCTTypeSafety (= 0.65.3)
    - React-Core/CoreModulesHeaders (= 0.65.3)
    - React-jsi (= 0.65.3)
    - React-RCTImage (= 0.65.3)
    - ReactCommon/turbomodule/core (= 0.65.3)
  - React-cxxreact (0.65.3):
    - boost-for-react-native (= 1.63.0)
    - DoubleConversion
    - glog
    - RCT-Folly (= 2021.04.26.00)
    - React-callinvoker (= 0.65.3)
    - React-jsi (= 0.65.3)
    - React-jsinspector (= 0.65.3)
    - React-perflogger (= 0.65.3)
    - React-runtimeexecutor (= 0.65.3)
  - React-jsi (0.65.3):
    - boost-for-react-native (= 1.63.0)
    - DoubleConversion
    - glog
    - RCT-Folly (= 2021.04.26.00)
    - React-jsi/Default (= 0.65.3)
  - React-jsi/Default (0.65.3):
    - boost-for-react-native (= 1.63.0)
    - DoubleConversion
    - glog
    - RCT-Folly (= 2021.04.26.00)
  - React-jsiexecutor (0.65.3):
    - DoubleConversion
    - glog
    - RCT-Folly (= 2021.04.26.00)
    - React-cxxreact (= 0.65.3)
    - React-jsi (= 0.65.3)
    - React-perflogger (= 0.65.3)
  - React-jsinspector (0.65.3)
  - react-native-netinfo (4.7.0):
    - React
  - react-native-pager-view (5.4.15):
    - React-Core
  - react-native-safe-area-context (3.4.1):
    - React-Core
  - react-native-webview (11.18.2):
    - React-Core
  - React-perflogger (0.65.3)
  - React-RCTActionSheet (0.65.3):
    - React-Core/RCTActionSheetHeaders (= 0.65.3)
  - React-RCTAnimation (0.65.3):
    - FBReactNativeSpec (= 0.65.3)
    - RCT-Folly (= 2021.04.26.00)
    - RCTTypeSafety (= 0.65.3)
    - React-Core/RCTAnimationHeaders (= 0.65.3)
    - React-jsi (= 0.65.3)
    - ReactCommon/turbomodule/core (= 0.65.3)
  - React-RCTBlob (0.65.3):
    - FBReactNativeSpec (= 0.65.3)
    - RCT-Folly (= 2021.04.26.00)
    - React-Core/RCTBlobHeaders (= 0.65.3)
    - React-Core/RCTWebSocket (= 0.65.3)
    - React-jsi (= 0.65.3)
    - React-RCTNetwork (= 0.65.3)
    - ReactCommon/turbomodule/core (= 0.65.3)
  - React-RCTImage (0.65.3):
    - FBReactNativeSpec (= 0.65.3)
    - RCT-Folly (= 2021.04.26.00)
    - RCTTypeSafety (= 0.65.3)
    - React-Core/RCTImageHeaders (= 0.65.3)
    - React-jsi (= 0.65.3)
    - React-RCTNetwork (= 0.65.3)
    - ReactCommon/turbomodule/core (= 0.65.3)
  - React-RCTLinking (0.65.3):
    - FBReactNativeSpec (= 0.65.3)
    - React-Core/RCTLinkingHeaders (= 0.65.3)
    - React-jsi (= 0.65.3)
    - ReactCommon/turbomodule/core (= 0.65.3)
  - React-RCTNetwork (0.65.3):
    - FBReactNativeSpec (= 0.65.3)
    - RCT-Folly (= 2021.04.26.00)
    - RCTTypeSafety (= 0.65.3)
    - React-Core/RCTNetworkHeaders (= 0.65.3)
    - React-jsi (= 0.65.3)
    - ReactCommon/turbomodule/core (= 0.65.3)
  - React-RCTSettings (0.65.3):
    - FBReactNativeSpec (= 0.65.3)
    - RCT-Folly (= 2021.04.26.00)
    - RCTTypeSafety (= 0.65.3)
    - React-Core/RCTSettingsHeaders (= 0.65.3)
    - React-jsi (= 0.65.3)
    - ReactCommon/turbomodule/core (= 0.65.3)
  - React-RCTText (0.65.3):
    - React-Core/RCTTextHeaders (= 0.65.3)
  - React-RCTVibration (0.65.3):
    - FBReactNativeSpec (= 0.65.3)
    - RCT-Folly (= 2021.04.26.00)
    - React-Core/RCTVibrationHeaders (= 0.65.3)
    - React-jsi (= 0.65.3)
    - ReactCommon/turbomodule/core (= 0.65.3)
  - React-runtimeexecutor (0.65.3):
    - React-jsi (= 0.65.3)
  - ReactCommon/turbomodule/core (0.65.3):
    - DoubleConversion
    - glog
    - RCT-Folly (= 2021.04.26.00)
    - React-callinvoker (= 0.65.3)
    - React-Core (= 0.65.3)
    - React-cxxreact (= 0.65.3)
    - React-jsi (= 0.65.3)
    - React-perflogger (= 0.65.3)
  - RNBootSplash (3.2.7):
    - React-Core
  - RNCAsyncStorage (1.17.4):
    - React-Core
  - RNCMaskedView (0.1.11):
    - React
  - RNFBAnalytics (12.9.3):
    - Firebase/AnalyticsWithoutAdIdSupport (= 8.8.0)
    - React-Core
    - RNFBApp
  - RNFBApp (12.9.3):
    - Firebase/CoreOnly (= 8.8.0)
    - React-Core
  - RNFBAuth (12.9.3):
    - Firebase/Auth (= 8.8.0)
    - React-Core
    - RNFBApp
  - RNFBDatabase (12.9.3):
    - Firebase/Database (= 8.8.0)
    - React-Core
    - RNFBApp
  - RNFBStorage (12.9.3):
    - Firebase/Storage (= 8.8.0)
    - React-Core
    - RNFBApp
  - RNGestureHandler (1.10.3):
    - React-Core
  - RNReanimated (2.13.0):
    - DoubleConversion
    - FBLazyVector
    - FBReactNativeSpec
    - glog
    - RCT-Folly
    - RCTRequired
    - RCTTypeSafety
    - React-callinvoker
    - React-Core
    - React-Core/DevSupport
    - React-Core/RCTWebSocket
    - React-CoreModules
    - React-cxxreact
    - React-jsi
    - React-jsiexecutor
    - React-jsinspector
    - React-RCTActionSheet
    - React-RCTAnimation
    - React-RCTBlob
    - React-RCTImage
    - React-RCTLinking
    - React-RCTNetwork
    - React-RCTSettings
    - React-RCTText
    - ReactCommon/turbomodule/core
    - Yoga
  - RNScreens (3.4.0):
    - React-Core
    - React-RCTImage
  - RNSentry (3.4.2):
    - React-Core
    - Sentry (= 7.11.0)
  - RNSVG (12.3.0):
    - React-Core
  - Sentry (7.11.0):
    - Sentry/Core (= 7.11.0)
  - Sentry/Core (7.11.0)
  - Yoga (1.14.0)
  - YogaKit (1.18.1):
    - Yoga (~> 1.14)

DEPENDENCIES:
  - BVLinearGradient (from `../node_modules/react-native-linear-gradient`)
  - DoubleConversion (from `../node_modules/react-native/third-party-podspecs/DoubleConversion.podspec`)
  - FBLazyVector (from `../node_modules/react-native/Libraries/FBLazyVector`)
  - FBReactNativeSpec (from `../node_modules/react-native/React/FBReactNativeSpec`)
  - Flipper (= 0.93.0)
  - Flipper-Boost-iOSX (= 1.76.0.1.11)
  - Flipper-DoubleConversion (= 3.1.7)
  - Flipper-Fmt (= 7.1.7)
  - Flipper-Folly (= 2.6.7)
  - Flipper-Glog (= 0.3.6)
  - Flipper-PeerTalk (= 0.0.4)
  - Flipper-RSocket (= 1.4.3)
  - FlipperKit (= 0.93.0)
  - FlipperKit/Core (= 0.93.0)
  - FlipperKit/CppBridge (= 0.93.0)
  - FlipperKit/FBCxxFollyDynamicConvert (= 0.93.0)
  - FlipperKit/FBDefines (= 0.93.0)
  - FlipperKit/FKPortForwarding (= 0.93.0)
  - FlipperKit/FlipperKitHighlightOverlay (= 0.93.0)
  - FlipperKit/FlipperKitLayoutPlugin (= 0.93.0)
  - FlipperKit/FlipperKitLayoutTextSearchable (= 0.93.0)
  - FlipperKit/FlipperKitNetworkPlugin (= 0.93.0)
  - FlipperKit/FlipperKitReactPlugin (= 0.93.0)
  - FlipperKit/FlipperKitUserDefaultsPlugin (= 0.93.0)
  - FlipperKit/SKIOSNetworkPlugin (= 0.93.0)
  - glog (from `../node_modules/react-native/third-party-podspecs/glog.podspec`)
  - RCT-Folly (from `../node_modules/react-native/third-party-podspecs/RCT-Folly.podspec`)
  - RCTRequired (from `../node_modules/react-native/Libraries/RCTRequired`)
  - RCTTypeSafety (from `../node_modules/react-native/Libraries/TypeSafety`)
  - React (from `../node_modules/react-native/`)
  - React-callinvoker (from `../node_modules/react-native/ReactCommon/callinvoker`)
  - React-Core (from `../node_modules/react-native/`)
  - React-Core/DevSupport (from `../node_modules/react-native/`)
  - React-Core/RCTWebSocket (from `../node_modules/react-native/`)
  - React-CoreModules (from `../node_modules/react-native/React/CoreModules`)
  - React-cxxreact (from `../node_modules/react-native/ReactCommon/cxxreact`)
  - React-jsi (from `../node_modules/react-native/ReactCommon/jsi`)
  - React-jsiexecutor (from `../node_modules/react-native/ReactCommon/jsiexecutor`)
  - React-jsinspector (from `../node_modules/react-native/ReactCommon/jsinspector`)
  - "react-native-netinfo (from `../node_modules/@react-native-community/netinfo`)"
  - react-native-pager-view (from `../node_modules/react-native-pager-view`)
  - react-native-safe-area-context (from `../node_modules/react-native-safe-area-context`)
  - react-native-webview (from `../node_modules/react-native-webview`)
  - React-perflogger (from `../node_modules/react-native/ReactCommon/reactperflogger`)
  - React-RCTActionSheet (from `../node_modules/react-native/Libraries/ActionSheetIOS`)
  - React-RCTAnimation (from `../node_modules/react-native/Libraries/NativeAnimation`)
  - React-RCTBlob (from `../node_modules/react-native/Libraries/Blob`)
  - React-RCTImage (from `../node_modules/react-native/Libraries/Image`)
  - React-RCTLinking (from `../node_modules/react-native/Libraries/LinkingIOS`)
  - React-RCTNetwork (from `../node_modules/react-native/Libraries/Network`)
  - React-RCTSettings (from `../node_modules/react-native/Libraries/Settings`)
  - React-RCTText (from `../node_modules/react-native/Libraries/Text`)
  - React-RCTVibration (from `../node_modules/react-native/Libraries/Vibration`)
  - React-runtimeexecutor (from `../node_modules/react-native/ReactCommon/runtimeexecutor`)
  - ReactCommon/turbomodule/core (from `../node_modules/react-native/ReactCommon`)
  - RNBootSplash (from `../node_modules/react-native-bootsplash`)
  - "RNCAsyncStorage (from `../node_modules/@react-native-async-storage/async-storage`)"
  - "RNCMaskedView (from `../node_modules/@react-native-community/masked-view`)"
  - "RNFBAnalytics (from `../node_modules/@react-native-firebase/analytics`)"
  - "RNFBApp (from `../node_modules/@react-native-firebase/app`)"
  - "RNFBAuth (from `../node_modules/@react-native-firebase/auth`)"
  - "RNFBDatabase (from `../node_modules/@react-native-firebase/database`)"
  - "RNFBStorage (from `../node_modules/@react-native-firebase/storage`)"
  - RNGestureHandler (from `../node_modules/react-native-gesture-handler`)
  - RNReanimated (from `../node_modules/react-native-reanimated`)
  - RNScreens (from `../node_modules/react-native-screens`)
  - "RNSentry (from `../node_modules/@sentry/react-native`)"
  - RNSVG (from `../node_modules/react-native-svg`)
  - Yoga (from `../node_modules/react-native/ReactCommon/yoga`)

SPEC REPOS:
  trunk:
    - boost-for-react-native
    - CocoaAsyncSocket
    - Firebase
    - FirebaseAnalytics
    - FirebaseAuth
    - FirebaseCore
    - FirebaseCoreDiagnostics
    - FirebaseDatabase
    - FirebaseInstallations
    - FirebaseStorage
    - Flipper
    - Flipper-Boost-iOSX
    - Flipper-DoubleConversion
    - Flipper-Fmt
    - Flipper-Folly
    - Flipper-Glog
    - Flipper-PeerTalk
    - Flipper-RSocket
    - FlipperKit
    - fmt
    - GoogleAppMeasurement
    - GoogleDataTransport
    - GoogleUtilities
    - GTMSessionFetcher
    - leveldb-library
    - libevent
    - nanopb
    - OpenSSL-Universal
    - PromisesObjC
    - Sentry
    - YogaKit

EXTERNAL SOURCES:
  BVLinearGradient:
    :path: "../node_modules/react-native-linear-gradient"
  DoubleConversion:
    :podspec: "../node_modules/react-native/third-party-podspecs/DoubleConversion.podspec"
  FBLazyVector:
    :path: "../node_modules/react-native/Libraries/FBLazyVector"
  FBReactNativeSpec:
    :path: "../node_modules/react-native/React/FBReactNativeSpec"
  glog:
    :podspec: "../node_modules/react-native/third-party-podspecs/glog.podspec"
  RCT-Folly:
    :podspec: "../node_modules/react-native/third-party-podspecs/RCT-Folly.podspec"
  RCTRequired:
    :path: "../node_modules/react-native/Libraries/RCTRequired"
  RCTTypeSafety:
    :path: "../node_modules/react-native/Libraries/TypeSafety"
  React:
    :path: "../node_modules/react-native/"
  React-callinvoker:
    :path: "../node_modules/react-native/ReactCommon/callinvoker"
  React-Core:
    :path: "../node_modules/react-native/"
  React-CoreModules:
    :path: "../node_modules/react-native/React/CoreModules"
  React-cxxreact:
    :path: "../node_modules/react-native/ReactCommon/cxxreact"
  React-jsi:
    :path: "../node_modules/react-native/ReactCommon/jsi"
  React-jsiexecutor:
    :path: "../node_modules/react-native/ReactCommon/jsiexecutor"
  React-jsinspector:
    :path: "../node_modules/react-native/ReactCommon/jsinspector"
  react-native-netinfo:
    :path: "../node_modules/@react-native-community/netinfo"
  react-native-pager-view:
    :path: "../node_modules/react-native-pager-view"
  react-native-safe-area-context:
    :path: "../node_modules/react-native-safe-area-context"
  react-native-webview:
    :path: "../node_modules/react-native-webview"
  React-perflogger:
    :path: "../node_modules/react-native/ReactCommon/reactperflogger"
  React-RCTActionSheet:
    :path: "../node_modules/react-native/Libraries/ActionSheetIOS"
  React-RCTAnimation:
    :path: "../node_modules/react-native/Libraries/NativeAnimation"
  React-RCTBlob:
    :path: "../node_modules/react-native/Libraries/Blob"
  React-RCTImage:
    :path: "../node_modules/react-native/Libraries/Image"
  React-RCTLinking:
    :path: "../node_modules/react-native/Libraries/LinkingIOS"
  React-RCTNetwork:
    :path: "../node_modules/react-native/Libraries/Network"
  React-RCTSettings:
    :path: "../node_modules/react-native/Libraries/Settings"
  React-RCTText:
    :path: "../node_modules/react-native/Libraries/Text"
  React-RCTVibration:
    :path: "../node_modules/react-native/Libraries/Vibration"
  React-runtimeexecutor:
    :path: "../node_modules/react-native/ReactCommon/runtimeexecutor"
  ReactCommon:
    :path: "../node_modules/react-native/ReactCommon"
  RNBootSplash:
    :path: "../node_modules/react-native-bootsplash"
  RNCAsyncStorage:
    :path: "../node_modules/@react-native-async-storage/async-storage"
  RNCMaskedView:
    :path: "../node_modules/@react-native-community/masked-view"
  RNFBAnalytics:
    :path: "../node_modules/@react-native-firebase/analytics"
  RNFBApp:
    :path: "../node_modules/@react-native-firebase/app"
  RNFBAuth:
    :path: "../node_modules/@react-native-firebase/auth"
  RNFBDatabase:
    :path: "../node_modules/@react-native-firebase/database"
  RNFBStorage:
    :path: "../node_modules/@react-native-firebase/storage"
  RNGestureHandler:
    :path: "../node_modules/react-native-gesture-handler"
  RNReanimated:
    :path: "../node_modules/react-native-reanimated"
  RNScreens:
    :path: "../node_modules/react-native-screens"
  RNSentry:
    :path: "../node_modules/@sentry/react-native"
  RNSVG:
    :path: "../node_modules/react-native-svg"
  Yoga:
    :path: "../node_modules/react-native/ReactCommon/yoga"

SPEC CHECKSUMS:
  boost-for-react-native: 39c7adb57c4e60d6c5479dd8623128eb5b3f0f2c
  BVLinearGradient: b2d297a15cf094d1947df4f0519779bb3a7f2392
  CocoaAsyncSocket: 065fd1e645c7abab64f7a6a2007a48038fdc6a99
  DoubleConversion: 831926d9b8bf8166fd87886c4abab286c2422662
  FBLazyVector: 0e9e33e0ea8988b63afab6d0de48a439ef7f38a5
  FBReactNativeSpec: 361d07f694bc5962407333de9140034e8fd5be52
  Firebase: 629510f1a9ddb235f3a7c5c8ceb23ba887f0f814
  FirebaseAnalytics: 5506ea8b867d8423485a84b4cd612d279f7b0b8a
  FirebaseAuth: bcf0adeff88bda5dcb3beeabe5760f1226ab7b2f
  FirebaseCore: 98b29e3828f0a53651c363937a7f7d92a19f1ba2
  FirebaseCoreDiagnostics: 92e07a649aeb66352b319d43bdd2ee3942af84cb
  FirebaseDatabase: bc4610ff3a816dcc680c1dbccf7f9f4bd94ac07d
  FirebaseInstallations: 40bd9054049b2eae9a2c38ef1c3dd213df3605cd
  FirebaseStorage: 54ff752ecbd27f1c354c3f5e8c55f6ad5783699b
  Flipper: b1fddf9a17c32097b2b4c806ad158b2f36bb2692
  Flipper-Boost-iOSX: fd1e2b8cbef7e662a122412d7ac5f5bea715403c
  Flipper-DoubleConversion: 57ffbe81ef95306cc9e69c4aa3aeeeeb58a6a28c
  Flipper-Fmt: 60cbdd92fc254826e61d669a5d87ef7015396a9b
  Flipper-Folly: 83af37379faa69497529e414bd43fbfc7cae259a
  Flipper-Glog: 1dfd6abf1e922806c52ceb8701a3599a79a200a6
  Flipper-PeerTalk: 116d8f857dc6ef55c7a5a75ea3ceaafe878aadc9
  Flipper-RSocket: d9d9ade67cbecf6ac10730304bf5607266dd2541
  FlipperKit: aec2d931adeee48a07bab1ea8bcc8a6bb87dfce4
  fmt: ff9d55029c625d3757ed641535fd4a75fedc7ce9
  glog: 5337263514dd6f09803962437687240c5dc39aa4
  GoogleAppMeasurement: 5ba1164e3c844ba84272555e916d0a6d3d977e91
  GoogleDataTransport: 5fffe35792f8b96ec8d6775f5eccd83c998d5a3b
  GoogleUtilities: e0913149f6b0625b553d70dae12b49fc62914fd1
  GTMSessionFetcher: 5595ec75acf5be50814f81e9189490412bad82ba
  leveldb-library: 50c7b45cbd7bf543c81a468fe557a16ae3db8729
  libevent: 4049cae6c81cdb3654a443be001fb9bdceff7913
  nanopb: a0ba3315591a9ae0a16a309ee504766e90db0c96
  OpenSSL-Universal: 1aa4f6a6ee7256b83db99ec1ccdaa80d10f9af9b
  PromisesObjC: 99b6f43f9e1044bd87a95a60beff28c2c44ddb72
  RCT-Folly: 0dd9e1eb86348ecab5ba76f910b56f4b5fef3c46
  RCTRequired: 655e18b89b599c17ee55d288359f96d5600c9004
  RCTTypeSafety: 6eb5f6ebeac6a9e448d1c8a802a48a4e8ffce178
  React: d28999caca83846964d5ba42a76d2b477502aa88
  React-callinvoker: fef7210edb8bc0900cd04dcf3f27c4c1da2b54eb
  React-Core: c67cde24c57654c3712faa5a94b78159a7dc0372
  React-CoreModules: fefae9f3eeafec2521a6b97b4108652cc43e7858
  React-cxxreact: 04436f72ab795df356f038f55c38b49435a70f9a
  React-jsi: 0ab20c9070bc28cd99a200e826ce7cf46e8f5b26
  React-jsiexecutor: d7540b187f30f45281ece995f19dde143e3afff3
  React-jsinspector: 94bbad998be4efbdac7d6d152677bdd134c1c980
  react-native-netinfo: ddaca8bbb9e6e914b1a23787ccb879bc642931c9
  react-native-pager-view: b1914469643f40042e65d78cbf3d3dfebd6fb0d9
  react-native-safe-area-context: 9e40fb181dac02619414ba1294d6c2a807056ab9
  react-native-webview: 8ec7ddf9eb4ddcd92b32cee7907efec19a9ec7cb
  React-perflogger: f8205b59ccf68dbe4184e71ac7b4db55ea0c8965
  React-RCTActionSheet: 67b50ddfccbc123dcc7574475e4fdc911cc601d7
  React-RCTAnimation: 3b998b2da94bc3f74c8d8e98b3181e20678a0ca7
  React-RCTBlob: 56bba0f20fcc698f085506a4746bee94c2ce7814
  React-RCTImage: ab60c724f4d72a084a02937dffab1b399dac1a71
  React-RCTLinking: 0cd026062d693155697128c89fdd06c6bd86cc55
  React-RCTNetwork: af0c7e6a1d7b7496e0752de2e5be983fa0ea9e84
  React-RCTSettings: 27f1a529b7db16f25d3a8f6a215012f4dcb0846a
  React-RCTText: a1f88c670ca99e5d173059cc871ff03d565c2be4
  React-RCTVibration: a19175b1a97cbad173a032a5d089ec5784b2bac3
  React-runtimeexecutor: 5ebf1c985947ea684140fe8431b5b4921c2960c1
  ReactCommon: 3a88b42affa0809e2524f978700a22841b04a421
  RNBootSplash: f31eba8f6d496e2029859e06e5582cac4607256d
  RNCAsyncStorage: 9367a646dc24e3ab7b6874d79bc1bfd0832dce58
  RNCMaskedView: 0e1bc4bfa8365eba5fbbb71e07fbdc0555249489
  RNFBAnalytics: 1b0e5ddb5e99c534403817ae93edb10d685378e9
  RNFBApp: 729c0666395b1953198dc4a1ec6deb8fbe1c302e
  RNFBAuth: 7718be1152f5d1d0bb970a8d33094d010f1ac21c
  RNFBDatabase: 1e8e42f296c43f812ac91fe078ceedbf02c77a23
  RNFBStorage: 0c7bbab8436996aed5a7a9d7470a7df067a66419
  RNGestureHandler: a479ebd5ed4221a810967000735517df0d2db211
  RNReanimated: 7c664a74689972eff8e726535824233596f5f158
  RNScreens: 21b73c94c9117e1110a79ee0ee80c93ccefed8ce
  RNSentry: 2cd1daa124b0d9fd0dfc2cb6094fdd168cb579bc
  RNSVG: 302bfc9905bd8122f08966dc2ce2d07b7b52b9f8
  Sentry: 0c5cd63d714187b4a39c331c1f0eb04ba7868341
  Yoga: 8ae716bf8b654fac1c7be1ac81376041837acb2c
  YogaKit: f782866e155069a2cca2517aafea43200b01fd5a

PODFILE CHECKSUM: ff35e70b915847e975dfee893c04f4b06f569276

COCOAPODS: 1.11.3
